
Microsoft Visual Studio Solution File, Format Version 12.00
# Visual Studio Version 16
VisualStudioVersion = 16.0.29503.13
MinimumVisualStudioVersion = 10.0.40219.1
Project("{9A19103F-16F7-4668-BE54-9A1E7A4F7556}") = "SLink", "SLink\SLink.csproj", "{BDB79667-0831-4AFF-B8F8-E1FC467E1013}"
EndProject
Project("{2150E333-8FDC-42A3-9474-1A3956D46DE8}") = "Tests", "Tests", "{8C87AE2D-E7BF-4DB1-8B25-3A96667550D5}"
EndProject
Project("{FAE04EC0-301F-11D3-BF4B-00C04F79EFBC}") = "SLink.UnitTest", "Tests\SLink.UnitTest\SLink.UnitTest.csproj", "{302F7234-7A1E-4580-B30E-2A5DBA92D863}"
EndProject
Global
	GlobalSection(SolutionConfigurationPlatforms) = preSolution
		Debug|Any CPU = Debug|Any CPU
		Release|Any CPU = Release|Any CPU
	EndGlobalSection
	GlobalSection(ProjectConfigurationPlatforms) = postSolution
		{BDB79667-0831-4AFF-B8F8-E1FC467E1013}.Debug|Any CPU.ActiveCfg = Debug|Any CPU
		{BDB79667-0831-4AFF-B8F8-E1FC467E1013}.Debug|Any CPU.Build.0 = Debug|Any CPU
		{BDB79667-0831-4AFF-B8F8-E1FC467E1013}.Release|Any CPU.ActiveCfg = Release|Any CPU
		{BDB79667-0831-4AFF-B8F8-E1FC467E1013}.Release|Any CPU.Build.0 = Release|Any CPU
		{302F7234-7A1E-4580-B30E-2A5DBA92D863}.Debug|Any CPU.ActiveCfg = Debug|Any CPU
		{302F7234-7A1E-4580-B30E-2A5DBA92D863}.Debug|Any CPU.Build.0 = Debug|Any CPU
		{302F7234-7A1E-4580-B30E-2A5DBA92D863}.Release|Any CPU.ActiveCfg = Release|Any CPU
		{302F7234-7A1E-4580-B30E-2A5DBA92D863}.Release|Any CPU.Build.0 = Release|Any CPU
	EndGlobalSection
	GlobalSection(SolutionProperties) = preSolution
		HideSolutionNode = FALSE
	EndGlobalSection
	GlobalSection(NestedProjects) = preSolution
		{302F7234-7A1E-4580-B30E-2A5DBA92D863} = {8C87AE2D-E7BF-4DB1-8B25-3A96667550D5}
	EndGlobalSection
	GlobalSection(ExtensibilityGlobals) = postSolution
		SolutionGuid = {17AB191A-388B-4C1D-AE22-48CC7E94E94E}
	EndGlobalSection
EndGlobal
